
Microsoft Visual Studio Solution File, Format Version 12.00
# Visual Studio Version 17
VisualStudioVersion = 17.10.34928.147
MinimumVisualStudioVersion = 10.0.40219.1
Project("{8BC9CEB8-8B4A-11D0-8D11-00A0C91BC942}") = "Source", "Source\Source.vcxproj", "{99A74061-D65A-4432-BFD7-6B77C5A236A7}"
EndProject
Project("{8BC9CEB8-8B4A-11D0-8D11-00A0C91BC942}") = "Env", "Env\Env.vcxproj", "{3A1DD152-9A64-40E9-9265-FA2C5E21408D}"
EndProject
Global
	GlobalSection(SolutionConfigurationPlatforms) = preSolution
		Debug|x64 = Debug|x64
		Debug|x86 = Debug|x86
		Release|x64 = Release|x64
		Release|x86 = Release|x86
	EndGlobalSection
	GlobalSection(ProjectConfigurationPlatforms) = postSolution
		{99A74061-D65A-4432-BFD7-6B77C5A236A7}.Debug|x64.ActiveCfg = Debug|x64
		{99A74061-D65A-4432-BFD7-6B77C5A236A7}.Debug|x64.Build.0 = Debug|x64
		{99A74061-D65A-4432-BFD7-6B77C5A236A7}.Debug|x86.ActiveCfg = Debug|Win32
		{99A74061-D65A-4432-BFD7-6B77C5A236A7}.Debug|x86.Build.0 = Debug|Win32
		{99A74061-D65A-4432-BFD7-6B77C5A236A7}.Release|x64.ActiveCfg = Release|x64
		{99A74061-D65A-4432-BFD7-6B77C5A236A7}.Release|x64.Build.0 = Release|x64
		{99A74061-D65A-4432-BFD7-6B77C5A236A7}.Release|x86.ActiveCfg = Release|Win32
		{99A74061-D65A-4432-BFD7-6B77C5A236A7}.Release|x86.Build.0 = Release|Win32
		{3A1DD152-9A64-40E9-9265-FA2C5E21408D}.Debug|x64.ActiveCfg = Debug|x64
		{3A1DD152-9A64-40E9-9265-FA2C5E21408D}.Debug|x64.Build.0 = Debug|x64
		{3A1DD152-9A64-40E9-9265-FA2C5E21408D}.Debug|x86.ActiveCfg = Debug|Win32
		{3A1DD152-9A64-40E9-9265-FA2C5E21408D}.Debug|x86.Build.0 = Debug|Win32
		{3A1DD152-9A64-40E9-9265-FA2C5E21408D}.Release|x64.ActiveCfg = Release|x64
		{3A1DD152-9A64-40E9-9265-FA2C5E21408D}.Release|x64.Build.0 = Release|x64
		{3A1DD152-9A64-40E9-9265-FA2C5E21408D}.Release|x86.ActiveCfg = Release|Win32
		{3A1DD152-9A64-40E9-9265-FA2C5E21408D}.Release|x86.Build.0 = Release|Win32
	EndGlobalSection
	GlobalSection(SolutionProperties) = preSolution
		HideSolutionNode = FALSE
	EndGlobalSection
	GlobalSection(ExtensibilityGlobals) = postSolution
		SolutionGuid = {5C11DA58-F107-43C9-BEF1-0A9384A5DA42}
	EndGlobalSection
EndGlobal
